Microsoft Visual Studio Solution File, Format Version 12.00
# Visual Studio Version 17
VisualStudioVersion = 17.5.2.0
MinimumVisualStudioVersion = 10.0.40219.1
Project("{2150E333-8FDC-42A3-9474-1A3956D46DE8}") = "AZURE FUNCTIONS", "AZURE FUNCTIONS", "{068869DA-637B-D09A-E327-279087899466}"
EndProject
Project("{FAE04EC0-301F-11D3-BF4B-00C04F79EFBC}") = "func-email-branding", "AZURE FUNCTIONS\func-email-branding\func-email-branding.csproj", "{9475ADE5-09B9-9C44-BCE4-DDC00B335E7F}"
EndProject
Global
	GlobalSection(SolutionConfigurationPlatforms) = preSolution
		Debug|Any CPU = Debug|Any CPU
		Release|Any CPU = Release|Any CPU
	EndGlobalSection
	GlobalSection(ProjectConfigurationPlatforms) = postSolution
		{9475ADE5-09B9-9C44-BCE4-DDC00B335E7F}.Debug|Any CPU.ActiveCfg = Debug|Any CPU
		{9475ADE5-09B9-9C44-BCE4-DDC00B335E7F}.Debug|Any CPU.Build.0 = Debug|Any CPU
		{9475ADE5-09B9-9C44-BCE4-DDC00B335E7F}.Release|Any CPU.ActiveCfg = Release|Any CPU
		{9475ADE5-09B9-9C44-BCE4-DDC00B335E7F}.Release|Any CPU.Build.0 = Release|Any CPU
	EndGlobalSection
	GlobalSection(SolutionProperties) = preSolution
		HideSolutionNode = FALSE
	EndGlobalSection
	GlobalSection(NestedProjects) = preSolution
		{9475ADE5-09B9-9C44-BCE4-DDC00B335E7F} = {068869DA-637B-D09A-E327-279087899466}
	EndGlobalSection
	GlobalSection(ExtensibilityGlobals) = postSolution
		SolutionGuid = {D91760B4-7B1E-45A7-82BC-4719527C29FA}
	EndGlobalSection
EndGlobal
